
Microsoft Visual Studio Solution File, Format Version 12.00
# Visual Studio 2012
Project("{FAE04EC0-301F-11D3-BF4B-00C04F79EFBC}") = "Recetario", "Recetario\Recetario.csproj", "{C9B453E3-05E4-4D0D-910C-CCFEA607417B}"
EndProject
Global
	GlobalSection(SolutionConfigurationPlatforms) = preSolution
		Debug|Any CPU = Debug|Any CPU
		Release|Any CPU = Release|Any CPU
	EndGlobalSection
	GlobalSection(ProjectConfigurationPlatforms) = postSolution
		{C9B453E3-05E4-4D0D-910C-CCFEA607417B}.Debug|Any CPU.ActiveCfg = Debug|Any CPU
		{C9B453E3-05E4-4D0D-910C-CCFEA607417B}.Debug|Any CPU.Build.0 = Debug|Any CPU
		{C9B453E3-05E4-4D0D-910C-CCFEA607417B}.Release|Any CPU.ActiveCfg = Release|Any CPU
		{C9B453E3-05E4-4D0D-910C-CCFEA607417B}.Release|Any CPU.Build.0 = Release|Any CPU
	EndGlobalSection
	GlobalSection(SolutionProperties) = preSolution
		HideSolutionNode = FALSE
	EndGlobalSection
EndGlobal
